
Microsoft Visual Studio Solution File, Format Version 11.00
# Visual Studio 2010
Project("{FAE04EC0-301F-11D3-BF4B-00C04F79EFBC}") = "Assembly-CSharp", "Assembly-CSharp.csproj", "{13B605B8-D498-EEC8-CCCC-3D7C014C1876}"
EndProject
Project("{FAE04EC0-301F-11D3-BF4B-00C04F79EFBC}") = "ConsoleProRemote", "ConsoleProRemote.csproj", "{8EEEBB45-2918-BAF4-1B83-7EE7EA662EB1}"
EndProject
Project("{FAE04EC0-301F-11D3-BF4B-00C04F79EFBC}") = "ConsoleProDebug", "ConsoleProDebug.csproj", "{3EF7938D-94B2-7DA1-EBE1-B8FE9F251C6D}"
EndProject
Project("{FAE04EC0-301F-11D3-BF4B-00C04F79EFBC}") = "Assembly-CSharp-firstpass", "Assembly-CSharp-firstpass.csproj", "{1360C4F5-CC57-376A-7353-89283220C7D1}"
EndProject
Global
	GlobalSection(SolutionConfigurationPlatforms) = preSolution
		Debug|Any CPU = Debug|Any CPU
		Release|Any CPU = Release|Any CPU
	EndGlobalSection
	GlobalSection(ProjectConfigurationPlatforms) = postSolution
		{13B605B8-D498-EEC8-CCCC-3D7C014C1876}.Debug|Any CPU.ActiveCfg = Debug|Any CPU
		{13B605B8-D498-EEC8-CCCC-3D7C014C1876}.Debug|Any CPU.Build.0 = Debug|Any CPU
		{13B605B8-D498-EEC8-CCCC-3D7C014C1876}.Release|Any CPU.ActiveCfg = Release|Any CPU
		{13B605B8-D498-EEC8-CCCC-3D7C014C1876}.Release|Any CPU.Build.0 = Release|Any CPU
		{8EEEBB45-2918-BAF4-1B83-7EE7EA662EB1}.Debug|Any CPU.ActiveCfg = Debug|Any CPU
		{8EEEBB45-2918-BAF4-1B83-7EE7EA662EB1}.Debug|Any CPU.Build.0 = Debug|Any CPU
		{8EEEBB45-2918-BAF4-1B83-7EE7EA662EB1}.Release|Any CPU.ActiveCfg = Release|Any CPU
		{8EEEBB45-2918-BAF4-1B83-7EE7EA662EB1}.Release|Any CPU.Build.0 = Release|Any CPU
		{3EF7938D-94B2-7DA1-EBE1-B8FE9F251C6D}.Debug|Any CPU.ActiveCfg = Debug|Any CPU
		{3EF7938D-94B2-7DA1-EBE1-B8FE9F251C6D}.Debug|Any CPU.Build.0 = Debug|Any CPU
		{3EF7938D-94B2-7DA1-EBE1-B8FE9F251C6D}.Release|Any CPU.ActiveCfg = Release|Any CPU
		{3EF7938D-94B2-7DA1-EBE1-B8FE9F251C6D}.Release|Any CPU.Build.0 = Release|Any CPU
		{1360C4F5-CC57-376A-7353-89283220C7D1}.Debug|Any CPU.ActiveCfg = Debug|Any CPU
		{1360C4F5-CC57-376A-7353-89283220C7D1}.Debug|Any CPU.Build.0 = Debug|Any CPU
		{1360C4F5-CC57-376A-7353-89283220C7D1}.Release|Any CPU.ActiveCfg = Release|Any CPU
		{1360C4F5-CC57-376A-7353-89283220C7D1}.Release|Any CPU.Build.0 = Release|Any CPU
	EndGlobalSection
	GlobalSection(SolutionProperties) = preSolution
		HideSolutionNode = FALSE
	EndGlobalSection
EndGlobal
